
Microsoft Visual Studio Solution File, Format Version 12.00
# Visual Studio Version 17
VisualStudioVersion = 17.7.34202.233
MinimumVisualStudioVersion = 10.0.40219.1
Project("{9A19103F-16F7-4668-BE54-9A1E7A4F7556}") = "NNPDA_SemA", "NNPDA_SemA\NNPDA_SemA.csproj", "{52FBF6B2-04E8-41A8-A489-76580D122A64}"
EndProject
Global
	GlobalSection(SolutionConfigurationPlatforms) = preSolution
		Debug|Any CPU = Debug|Any CPU
		Release|Any CPU = Release|Any CPU
	EndGlobalSection
	GlobalSection(ProjectConfigurationPlatforms) = postSolution
		{52FBF6B2-04E8-41A8-A489-76580D122A64}.Debug|Any CPU.ActiveCfg = Debug|Any CPU
		{52FBF6B2-04E8-41A8-A489-76580D122A64}.Debug|Any CPU.Build.0 = Debug|Any CPU
		{52FBF6B2-04E8-41A8-A489-76580D122A64}.Release|Any CPU.ActiveCfg = Release|Any CPU
		{52FBF6B2-04E8-41A8-A489-76580D122A64}.Release|Any CPU.Build.0 = Release|Any CPU
	EndGlobalSection
	GlobalSection(SolutionProperties) = preSolution
		HideSolutionNode = FALSE
	EndGlobalSection
	GlobalSection(ExtensibilityGlobals) = postSolution
		SolutionGuid = {BE0A0833-89AA-4561-867F-056862023719}
	EndGlobalSection
EndGlobal
