
Microsoft Visual Studio Solution File, Format Version 12.00
# Visual Studio Version 17
VisualStudioVersion = 17.0.31717.71
MinimumVisualStudioVersion = 10.0.40219.1
Project("{9A19103F-16F7-4668-BE54-9A1E7A4F7556}") = "NNPDA_SemA", "NNPDA_SemA.csproj", "{08F7E1E5-1C66-4AB8-A77D-C9CAE01F5503}"
EndProject
Global
	GlobalSection(SolutionConfigurationPlatforms) = preSolution
		Debug|Any CPU = Debug|Any CPU
		Release|Any CPU = Release|Any CPU
	EndGlobalSection
	GlobalSection(ProjectConfigurationPlatforms) = postSolution
		{08F7E1E5-1C66-4AB8-A77D-C9CAE01F5503}.Debug|Any CPU.ActiveCfg = Debug|Any CPU
		{08F7E1E5-1C66-4AB8-A77D-C9CAE01F5503}.Debug|Any CPU.Build.0 = Debug|Any CPU
		{08F7E1E5-1C66-4AB8-A77D-C9CAE01F5503}.Release|Any CPU.ActiveCfg = Release|Any CPU
		{08F7E1E5-1C66-4AB8-A77D-C9CAE01F5503}.Release|Any CPU.Build.0 = Release|Any CPU
	EndGlobalSection
	GlobalSection(SolutionProperties) = preSolution
		HideSolutionNode = FALSE
	EndGlobalSection
	GlobalSection(ExtensibilityGlobals) = postSolution
		SolutionGuid = {98738A34-20B3-4F42-BEE2-70547D89EC5F}
	EndGlobalSection
EndGlobal